
Microsoft Visual Studio Solution File, Format Version 12.00
# Visual Studio 15
VisualStudioVersion = 15.0.27703.2000
MinimumVisualStudioVersion = 10.0.40219.1
Project("{9A19103F-16F7-4668-BE54-9A1E7A4F7556}") = "CountRealNumbers", "CountRealNumbers\CountRealNumbers.csproj", "{C8153EAF-439E-42BA-A545-01BDB4E925EC}"
EndProject
Project("{9A19103F-16F7-4668-BE54-9A1E7A4F7556}") = "OddOccurrences", "OddOccurrences\OddOccurrences.csproj", "{8D9F47D3-6176-4EEA-BFBD-89DBBA041FE4}"
EndProject
Project("{FAE04EC0-301F-11D3-BF4B-00C04F79EFBC}") = "WordSynonyms", "WordSynonyms\WordSynonyms.csproj", "{C94EB847-73FF-4A82-95E2-4A6292B3FB07}"
EndProject
Project("{FAE04EC0-301F-11D3-BF4B-00C04F79EFBC}") = "WordFilter", "WordFilter\WordFilter.csproj", "{E7339261-6810-4B4A-81D6-855D0401C6AC}"
EndProject
Project("{FAE04EC0-301F-11D3-BF4B-00C04F79EFBC}") = "Largest3Numbers", "Largest3Numbers\Largest3Numbers.csproj", "{9489B8BC-AC7D-43D2-969C-09550C3B63AE}"
EndProject
Project("{FAE04EC0-301F-11D3-BF4B-00C04F79EFBC}") = "CountCharsInAString", "CountCharsInAString\CountCharsInAString.csproj", "{519140D8-36ED-46E8-AF38-4CC02DF21033}"
EndProject
Project("{FAE04EC0-301F-11D3-BF4B-00C04F79EFBC}") = "AMinorTask", "AMinorTask\AMinorTask.csproj", "{A45C9B8F-C059-43A5-9920-15CE412D87A7}"
EndProject
Project("{FAE04EC0-301F-11D3-BF4B-00C04F79EFBC}") = "LegendaryFarming", "LegendaryFarming\LegendaryFarming.csproj", "{57230A64-758A-4EDC-9FF6-589040CB24AB}"
EndProject
Global
	GlobalSection(SolutionConfigurationPlatforms) = preSolution
		Debug|Any CPU = Debug|Any CPU
		Release|Any CPU = Release|Any CPU
	EndGlobalSection
	GlobalSection(ProjectConfigurationPlatforms) = postSolution
		{C8153EAF-439E-42BA-A545-01BDB4E925EC}.Debug|Any CPU.ActiveCfg = Debug|Any CPU
		{C8153EAF-439E-42BA-A545-01BDB4E925EC}.Debug|Any CPU.Build.0 = Debug|Any CPU
		{C8153EAF-439E-42BA-A545-01BDB4E925EC}.Release|Any CPU.ActiveCfg = Release|Any CPU
		{C8153EAF-439E-42BA-A545-01BDB4E925EC}.Release|Any CPU.Build.0 = Release|Any CPU
		{8D9F47D3-6176-4EEA-BFBD-89DBBA041FE4}.Debug|Any CPU.ActiveCfg = Debug|Any CPU
		{8D9F47D3-6176-4EEA-BFBD-89DBBA041FE4}.Debug|Any CPU.Build.0 = Debug|Any CPU
		{8D9F47D3-6176-4EEA-BFBD-89DBBA041FE4}.Release|Any CPU.ActiveCfg = Release|Any CPU
		{8D9F47D3-6176-4EEA-BFBD-89DBBA041FE4}.Release|Any CPU.Build.0 = Release|Any CPU
		{C94EB847-73FF-4A82-95E2-4A6292B3FB07}.Debug|Any CPU.ActiveCfg = Debug|Any CPU
		{C94EB847-73FF-4A82-95E2-4A6292B3FB07}.Debug|Any CPU.Build.0 = Debug|Any CPU
		{C94EB847-73FF-4A82-95E2-4A6292B3FB07}.Release|Any CPU.ActiveCfg = Release|Any CPU
		{C94EB847-73FF-4A82-95E2-4A6292B3FB07}.Release|Any CPU.Build.0 = Release|Any CPU
		{E7339261-6810-4B4A-81D6-855D0401C6AC}.Debug|Any CPU.ActiveCfg = Debug|Any CPU
		{E7339261-6810-4B4A-81D6-855D0401C6AC}.Debug|Any CPU.Build.0 = Debug|Any CPU
		{E7339261-6810-4B4A-81D6-855D0401C6AC}.Release|Any CPU.ActiveCfg = Release|Any CPU
		{E7339261-6810-4B4A-81D6-855D0401C6AC}.Release|Any CPU.Build.0 = Release|Any CPU
		{9489B8BC-AC7D-43D2-969C-09550C3B63AE}.Debug|Any CPU.ActiveCfg = Debug|Any CPU
		{9489B8BC-AC7D-43D2-969C-09550C3B63AE}.Debug|Any CPU.Build.0 = Debug|Any CPU
		{9489B8BC-AC7D-43D2-969C-09550C3B63AE}.Release|Any CPU.ActiveCfg = Release|Any CPU
		{9489B8BC-AC7D-43D2-969C-09550C3B63AE}.Release|Any CPU.Build.0 = Release|Any CPU
		{519140D8-36ED-46E8-AF38-4CC02DF21033}.Debug|Any CPU.ActiveCfg = Debug|Any CPU
		{519140D8-36ED-46E8-AF38-4CC02DF21033}.Debug|Any CPU.Build.0 = Debug|Any CPU
		{519140D8-36ED-46E8-AF38-4CC02DF21033}.Release|Any CPU.ActiveCfg = Release|Any CPU
		{519140D8-36ED-46E8-AF38-4CC02DF21033}.Release|Any CPU.Build.0 = Release|Any CPU
		{A45C9B8F-C059-43A5-9920-15CE412D87A7}.Debug|Any CPU.ActiveCfg = Debug|Any CPU
		{A45C9B8F-C059-43A5-9920-15CE412D87A7}.Debug|Any CPU.Build.0 = Debug|Any CPU
		{A45C9B8F-C059-43A5-9920-15CE412D87A7}.Release|Any CPU.ActiveCfg = Release|Any CPU
		{A45C9B8F-C059-43A5-9920-15CE412D87A7}.Release|Any CPU.Build.0 = Release|Any CPU
		{57230A64-758A-4EDC-9FF6-589040CB24AB}.Debug|Any CPU.ActiveCfg = Debug|Any CPU
		{57230A64-758A-4EDC-9FF6-589040CB24AB}.Debug|Any CPU.Build.0 = Debug|Any CPU
		{57230A64-758A-4EDC-9FF6-589040CB24AB}.Release|Any CPU.ActiveCfg = Release|Any CPU
		{57230A64-758A-4EDC-9FF6-589040CB24AB}.Release|Any CPU.Build.0 = Release|Any CPU
	EndGlobalSection
	GlobalSection(SolutionProperties) = preSolution
		HideSolutionNode = FALSE
	EndGlobalSection
	GlobalSection(ExtensibilityGlobals) = postSolution
		SolutionGuid = {79A7C382-3E04-4F88-A8E0-F457D4A3CDE9}
	EndGlobalSection
EndGlobal
